
Microsoft Visual Studio Solution File, Format Version 12.00
# Visual Studio Version 17
VisualStudioVersion = 17.6.33829.357
MinimumVisualStudioVersion = 10.0.40219.1
Project("{FAE04EC0-301F-11D3-BF4B-00C04F79EFBC}") = "proje", "proje\proje.csproj", "{6EF3DDCF-653E-4DF1-B553-65EA393C75E7}"
EndProject
Global
	GlobalSection(SolutionConfigurationPlatforms) = preSolution
		Debug|Any CPU = Debug|Any CPU
		Release|Any CPU = Release|Any CPU
	EndGlobalSection
	GlobalSection(ProjectConfigurationPlatforms) = postSolution
		{6EF3DDCF-653E-4DF1-B553-65EA393C75E7}.Debug|Any CPU.ActiveCfg = Debug|Any CPU
		{6EF3DDCF-653E-4DF1-B553-65EA393C75E7}.Debug|Any CPU.Build.0 = Debug|Any CPU
		{6EF3DDCF-653E-4DF1-B553-65EA393C75E7}.Release|Any CPU.ActiveCfg = Release|Any CPU
		{6EF3DDCF-653E-4DF1-B553-65EA393C75E7}.Release|Any CPU.Build.0 = Release|Any CPU
	EndGlobalSection
	GlobalSection(SolutionProperties) = preSolution
		HideSolutionNode = FALSE
	EndGlobalSection
	GlobalSection(ExtensibilityGlobals) = postSolution
		SolutionGuid = {4DDB7F5E-39D3-4008-8C19-7421C88EDF43}
	EndGlobalSection
EndGlobal
